
Microsoft Visual Studio Solution File, Format Version 12.00
# Visual Studio Version 16
VisualStudioVersion = 16.0.28729.10
MinimumVisualStudioVersion = 10.0.40219.1
Project("{8BC9CEB8-8B4A-11D0-8D11-00A0C91BC942}") = "dllcheck", "dllcheck\dllcheck.vcxproj", "{FE61CE79-5263-4C6B-9CCB-5855C72896D9}"
EndProject
Global
	GlobalSection(SolutionConfigurationPlatforms) = preSolution
		Debug|x64 = Debug|x64
		Debug|x86 = Debug|x86
		Release|x64 = Release|x64
		Release|x86 = Release|x86
	EndGlobalSection
	GlobalSection(ProjectConfigurationPlatforms) = postSolution
		{FE61CE79-5263-4C6B-9CCB-5855C72896D9}.Debug|x64.ActiveCfg = Debug|x64
		{FE61CE79-5263-4C6B-9CCB-5855C72896D9}.Debug|x64.Build.0 = Debug|x64
		{FE61CE79-5263-4C6B-9CCB-5855C72896D9}.Debug|x86.ActiveCfg = Debug|Win32
		{FE61CE79-5263-4C6B-9CCB-5855C72896D9}.Debug|x86.Build.0 = Debug|Win32
		{FE61CE79-5263-4C6B-9CCB-5855C72896D9}.Release|x64.ActiveCfg = Release|x64
		{FE61CE79-5263-4C6B-9CCB-5855C72896D9}.Release|x64.Build.0 = Release|x64
		{FE61CE79-5263-4C6B-9CCB-5855C72896D9}.Release|x86.ActiveCfg = Release|Win32
		{FE61CE79-5263-4C6B-9CCB-5855C72896D9}.Release|x86.Build.0 = Release|Win32
	EndGlobalSection
	GlobalSection(SolutionProperties) = preSolution
		HideSolutionNode = FALSE
	EndGlobalSection
	GlobalSection(ExtensibilityGlobals) = postSolution
		SolutionGuid = {30B24D4C-70F0-4DBF-98C7-6D4975A27776}
	EndGlobalSection
EndGlobal
